// !$*UTF8*$!
{
	archiveVersion = 1;
	classes = {
	};
	objectVersion = 50;
	objects = {

/* Begin PBXBuildFile section */
		1DB28A083F5393CDA92FCE4B /* Pods_MyGameLib.framework in Frameworks */ = {isa = PBXBuildFile; fileRef = 6E11FE983AD42317B379216D /* Pods_MyGameLib.framework */; };
		6D10E5C625AEC471009207B1 /* AppDelegate.swift in Sources */ = {isa = PBXBuildFile; fileRef = 6D10E5C525AEC471009207B1 /* AppDelegate.swift */; };
		6D10E5C825AEC471009207B1 /* SceneDelegate.swift in Sources */ = {isa = PBXBuildFile; fileRef = 6D10E5C725AEC471009207B1 /* SceneDelegate.swift */; };
		6D10E5CA25AEC471009207B1 /* ViewController.swift in Sources */ = {isa = PBXBuildFile; fileRef = 6D10E5C925AEC471009207B1 /* ViewController.swift */; };
		6D10E5CD25AEC471009207B1 /* Main.storyboard in Resources */ = {isa = PBXBuildFile; fileRef = 6D10E5CB25AEC471009207B1 /* Main.storyboard */; };
		6D10E5CF25AEC473009207B1 /* Assets.xcassets in Resources */ = {isa = PBXBuildFile; fileRef = 6D10E5CE25AEC473009207B1 /* Assets.xcassets */; };
		6D10E5D225AEC473009207B1 /* LaunchScreen.storyboard in Resources */ = {isa = PBXBuildFile; fileRef = 6D10E5D025AEC473009207B1 /* LaunchScreen.storyboard */; };
/* End PBXBuildFile section */

/* Begin PBXFileReference section */
		6D10E5C225AEC471009207B1 /* MyGameLib.app */ = {isa = PBXFileReference; explicitFileType = wrapper.application; includeInIndex = 0; path = MyGameLib.app; sourceTree = BUILT_PRODUCTS_DIR; };
		6D10E5C525AEC471009207B1 /* AppDelegate.swift */ = {isa = PBXFileReference; lastKnownFileType = sourcecode.swift; path = AppDelegate.swift; sourceTree = "<group>"; };
		6D10E5C725AEC471009207B1 /* SceneDelegate.swift */ = {isa = PBXFileReference; lastKnownFileType = sourcecode.swift; path = SceneDelegate.swift; sourceTree = "<group>"; };
		6D10E5C925AEC471009207B1 /* ViewController.swift */ = {isa = PBXFileReference; lastKnownFileType = sourcecode.swift; path = ViewController.swift; sourceTree = "<group>"; };
		6D10E5CC25AEC471009207B1 /* Base */ = {isa = PBXFileReference; lastKnownFileType = file.storyboard; name = Base; path = Base.lproj/Main.storyboard; sourceTree = "<group>"; };
		6D10E5CE25AEC473009207B1 /* Assets.xcassets */ = {isa = PBXFileReference; lastKnownFileType = folder.assetcatalog; path = Assets.xcassets; sourceTree = "<group>"; };
		6D10E5D125AEC473009207B1 /* Base */ = {isa = PBXFileReference; lastKnownFileType = file.storyboard; name = Base; path = Base.lproj/LaunchScreen.storyboard; sourceTree = "<group>"; };
		6D10E5D325AEC473009207B1 /* Info.plist */ = {isa = PBXFileReference; lastKnownFileType = text.plist.xml; path = Info.plist; sourceTree = "<group>"; };
		6E11FE983AD42317B379216D /* Pods_MyGameLib.framework */ = {isa = PBXFileReference; explicitFileType = wrapper.framework; includeInIndex = 0; path = Pods_MyGameLib.framework; sourceTree = BUILT_PRODUCTS_DIR; };
		7C742BEC9F7BFDBEBC9DD4EC /* Pods-MyGameLib.debug.xcconfig */ = {isa = PBXFileReference; includeInIndex = 1; lastKnownFileType = text.xcconfig; name = "Pods-MyGameLib.debug.xcconfig"; path = "Target Support Files/Pods-MyGameLib/Pods-MyGameLib.debug.xcconfig"; sourceTree = "<group>"; };
		BCD4628A6DE4CBF8ADBA691A /* Pods-MyGameLib.release.xcconfig */ = {isa = PBXFileReference; includeInIndex = 1; lastKnownFileType = text.xcconfig; name = "Pods-MyGameLib.release.xcconfig"; path = "Target Support Files/Pods-MyGameLib/Pods-MyGameLib.release.xcconfig"; sourceTree = "<group>"; };
/* End PBXFileReference section */

/* Begin PBXFrameworksBuildPhase section */
		6D10E5BF25AEC471009207B1 /* Frameworks */ = {
			isa = PBXFrameworksBuildPhase;
			buildActionMask = 2147483647;
			files = (
				1DB28A083F5393CDA92FCE4B /* Pods_MyGameLib.framework in Frameworks */,
			);
			runOnlyForDeploymentPostprocessing = 0;
		};
/* End PBXFrameworksBuildPhase section */

/* Begin PBXGroup section */
		1489A0046999AA85407D895F /* Pods */ = {
			isa = PBXGroup;
			children = (
				7C742BEC9F7BFDBEBC9DD4EC /* Pods-MyGameLib.debug.xcconfig */,
				BCD4628A6DE4CBF8ADBA691A /* Pods-MyGameLib.release.xcconfig */,
			);
			name = Pods;
			path = Pods;
			sourceTree = "<group>";
		};
		6D10E5B925AEC470009207B1 = {
			isa = PBXGroup;
			children = (
				6D10E5C425AEC471009207B1 /* MyGameLib */,
				6D10E5C325AEC471009207B1 /* Products */,
				1489A0046999AA85407D895F /* Pods */,
				C04D020826DCE57237EC2965 /* Frameworks */,
			);
			sourceTree = "<group>";
		};
		6D10E5C325AEC471009207B1 /* Products */ = {
			isa = PBXGroup;
			children = (
				6D10E5C225AEC471009207B1 /* MyGameLib.app */,
			);
			name = Products;
			sourceTree = "<group>";
		};
		6D10E5C425AEC471009207B1 /* MyGameLib */ = {
			isa = PBXGroup;
			children = (
				6D10E5C525AEC471009207B1 /* AppDelegate.swift */,
				6D10E5C725AEC471009207B1 /* SceneDelegate.swift */,
				6D10E5C925AEC471009207B1 /* ViewController.swift */,
				6D10E5CB25AEC471009207B1 /* Main.storyboard */,
				6D10E5CE25AEC473009207B1 /* Assets.xcassets */,
				6D10E5D025AEC473009207B1 /* LaunchScreen.storyboard */,
				6D10E5D325AEC473009207B1 /* Info.plist */,
			);
			path = MyGameLib;
			sourceTree = "<group>";
		};
		C04D020826DCE57237EC2965 /* Frameworks */ = {
			isa = PBXGroup;
			children = (
				6E11FE983AD42317B379216D /* Pods_MyGameLib.framework */,
			);
			name = Frameworks;
			sourceTree = "<group>";
		};
/* End PBXGroup section */

/* Begin PBXNativeTarget section */
		6D10E5C125AEC471009207B1 /* MyGameLib */ = {
			isa = PBXNativeTarget;
			buildConfigurationList = 6D10E5D625AEC473009207B1 /* Build configuration list for PBXNativeTarget "MyGameLib" */;
			buildPhases = (
				825A9EE6AC8B68DE06E40419 /* [CP] Check Pods Manifest.lock */,
				6D10E5BE25AEC471009207B1 /* Sources */,
				6D10E5BF25AEC471009207B1 /* Frameworks */,
				6D10E5C025AEC471009207B1 /* Resources */,
				0758C7FDA9254F11E60F39D8 /* [CP] Embed Pods Frameworks */,
			);
			buildRules = (
			);
			dependencies = (
			);
			name = MyGameLib;
			productName = MyGameLib;
			productReference = 6D10E5C225AEC471009207B1 /* MyGameLib.app */;
			productType = "com.apple.product-type.application";
		};
/* End PBXNativeTarget section */

/* Begin PBXProject section */
		6D10E5BA25AEC470009207B1 /* Project object */ = {
			isa = PBXProject;
			attributes = {
				LastSwiftUpdateCheck = 1230;
				LastUpgradeCheck = 1230;
				TargetAttributes = {
					6D10E5C125AEC471009207B1 = {
						CreatedOnToolsVersion = 12.3;
					};
				};
			};
			buildConfigurationList = 6D10E5BD25AEC470009207B1 /* Build configuration list for PBXProject "MyGameLib" */;
			compatibilityVersion = "Xcode 9.3";
			developmentRegion = en;
			hasScannedForEncodings = 0;
			knownRegions = (
				en,
				Base,
			);
			mainGroup = 6D10E5B925AEC470009207B1;
			productRefGroup = 6D10E5C325AEC471009207B1 /* Products */;
			projectDirPath = "";
			projectRoot = "";
			targets = (
				6D10E5C125AEC471009207B1 /* MyGameLib */,
			);
		};
/* End PBXProject section */

/* Begin PBXResourcesBuildPhase section */
		6D10E5C025AEC471009207B1 /* Resources */ = {
			isa = PBXResourcesBuildPhase;
			buildActionMask = 2147483647;
			files = (
				6D10E5D225AEC473009207B1 /* LaunchScreen.storyboard in Resources */,
				6D10E5CF25AEC473009207B1 /* Assets.xcassets in Resources */,
				6D10E5CD25AEC471009207B1 /* Main.storyboard in Resources */,
			);
			runOnlyForDeploymentPostprocessing = 0;
		};
/* End PBXResourcesBuildPhase section */

/* Begin PBXShellScriptBuildPhase section */
		0758C7FDA9254F11E60F39D8 /* [CP] Embed Pods Frameworks */ = {
			isa = PBXShellScriptBuildPhase;
			buildActionMask = 2147483647;
			files = (
			);
			inputFileListPaths = (
				"${PODS_ROOT}/Target Support Files/Pods-MyGameLib/Pods-MyGameLib-frameworks-${CONFIGURATION}-input-files.xcfilelist",
			);
			name = "[CP] Embed Pods Frameworks";
			outputFileListPaths = (
				"${PODS_ROOT}/Target Support Files/Pods-MyGameLib/Pods-MyGameLib-frameworks-${CONFIGURATION}-output-files.xcfilelist",
			);
			runOnlyForDeploymentPostprocessing = 0;
			shellPath = /bin/sh;
			shellScript = "\"${PODS_ROOT}/Target Support Files/Pods-MyGameLib/Pods-MyGameLib-frameworks.sh\"\n";
			showEnvVarsInLog = 0;
		};
		825A9EE6AC8B68DE06E40419 /* [CP] Check Pods Manifest.lock */ = {
			isa = PBXShellScriptBuildPhase;
			buildActionMask = 2147483647;
			files = (
			);
			inputFileListPaths = (
			);
			inputPaths = (
				"${PODS_PODFILE_DIR_PATH}/Podfile.lock",
				"${PODS_ROOT}/Manifest.lock",
			);
			name = "[CP] Check Pods Manifest.lock";
			outputFileListPaths = (
			);
			outputPaths = (
				"$(DERIVED_FILE_DIR)/Pods-MyGameLib-checkManifestLockResult.txt",
			);
			runOnlyForDeploymentPostprocessing = 0;
			shellPath = /bin/sh;
			shellScript = "diff \"${PODS_PODFILE_DIR_PATH}/Podfile.lock\" \"${PODS_ROOT}/Manifest.lock\" > /dev/null\nif [ $? != 0 ] ; then\n    # print error to STDERR\n    echo \"error: The sandbox is not in sync with the Podfile.lock. Run 'pod install' or update your CocoaPods installation.\" >&2\n    exit 1\nfi\n# This output is used by Xcode 'outputs' to avoid re-running this script phase.\necho \"SUCCESS\" > \"${SCRIPT_OUTPUT_FILE_0}\"\n";
			showEnvVarsInLog = 0;
		};
/* End PBXShellScriptBuildPhase section */

/* Begin PBXSourcesBuildPhase section */
		6D10E5BE25AEC471009207B1 /* Sources */ = {
			isa = PBXSourcesBuildPhase;
			buildActionMask = 2147483647;
			files = (
				6D10E5CA25AEC471009207B1 /* ViewController.swift in Sources */,
				6D10E5C625AEC471009207B1 /* AppDelegate.swift in Sources */,
				6D10E5C825AEC471009207B1 /* SceneDelegate.swift in Sources */,
			);
			runOnlyForDeploymentPostprocessing = 0;
		};
/* End PBXSourcesBuildPhase section */

/* Begin PBXVariantGroup section */
		6D10E5CB25AEC471009207B1 /* Main.storyboard */ = {
			isa = PBXVariantGroup;
			children = (
				6D10E5CC25AEC471009207B1 /* Base */,
			);
			name = Main.storyboard;
			sourceTree = "<group>";
		};
		6D10E5D025AEC473009207B1 /* LaunchScreen.storyboard */ = {
			isa = PBXVariantGroup;
			children = (
				6D10E5D125AEC473009207B1 /* Base */,
			);
			name = LaunchScreen.storyboard;
			sourceTree = "<group>";
		};
/* End PBXVariantGroup section */

/* Begin XCBuildConfiguration section */
		6D10E5D425AEC473009207B1 /* Debug */ = {
			isa = XCBuildConfiguration;
			buildSettings = {
				ALWAYS_SEARCH_USER_PATHS = NO;
				CLANG_ANALYZER_NONNULL = YES;
				CLANG_ANALYZER_NUMBER_OBJECT_CONVERSION = YES_AGGRESSIVE;
				CLANG_CXX_LANGUAGE_STANDARD = "gnu++14";
				CLANG_CXX_LIBRARY = "libc++";
				CLANG_ENABLE_MODULES = YES;
				CLANG_ENABLE_OBJC_ARC = YES;
				CLANG_ENABLE_OBJC_WEAK = YES;
				CLANG_WARN_BLOCK_CAPTURE_AUTORELEASING = YES;
				CLANG_WARN_BOOL_CONVERSION = YES;
				CLANG_WARN_COMMA = YES;
				CLANG_WARN_CONSTANT_CONVERSION = YES;
				CLANG_WARN_DEPRECATED_OBJC_IMPLEMENTATIONS = YES;
				CLANG_WARN_DIRECT_OBJC_ISA_USAGE = YES_ERROR;
				CLANG_WARN_DOCUMENTATION_COMMENTS = YES;
				CLANG_WARN_EMPTY_BODY = YES;
				CLANG_WARN_ENUM_CONVERSION = YES;
				CLANG_WARN_INFINITE_RECURSION = YES;
				CLANG_WARN_INT_CONVERSION = YES;
				CLANG_WARN_NON_LITERAL_NULL_CONVERSION = YES;
				CLANG_WARN_OBJC_IMPLICIT_RETAIN_SELF = YES;
				CLANG_WARN_OBJC_LITERAL_CONVERSION = YES;
				CLANG_WARN_OBJC_ROOT_CLASS = YES_ERROR;
				CLANG_WARN_QUOTED_INCLUDE_IN_FRAMEWORK_HEADER = YES;
				CLANG_WARN_RANGE_LOOP_ANALYSIS = YES;
				CLANG_WARN_STRICT_PROTOTYPES = YES;
				CLANG_WARN_SUSPICIOUS_MOVE = YES;
				CLANG_WARN_UNGUARDED_AVAILABILITY = YES_AGGRESSIVE;
				CLANG_WARN_UNREACHABLE_CODE = YES;
				CLANG_WARN__DUPLICATE_METHOD_MATCH = YES;
				COPY_PHASE_STRIP = NO;
				DEBUG_INFORMATION_FORMAT = dwarf;
				ENABLE_STRICT_OBJC_MSGSEND = YES;
				ENABLE_TESTABILITY = YES;
				GCC_C_LANGUAGE_STANDARD = gnu11;
				GCC_DYNAMIC_NO_PIC = NO;
				GCC_NO_COMMON_BLOCKS = YES;
				GCC_OPTIMIZATION_LEVEL = 0;
				GCC_PREPROCESSOR_DEFINITIONS = (
					"DEBUG=1",
					"$(inherited)",
				);
				GCC_WARN_64_TO_32_BIT_CONVERSION = YES;
				GCC_WARN_ABOUT_RETURN_TYPE = YES_ERROR;
				GCC_WARN_UNDECLARED_SELECTOR = YES;
				GCC_WARN_UNINITIALIZED_AUTOS = YES_AGGRESSIVE;
				GCC_WARN_UNUSED_FUNCTION = YES;
				GCC_WARN_UNUSED_VARIABLE = YES;
				IPHONEOS_DEPLOYMENT_TARGET = 14.3;
				MTL_ENABLE_DEBUG_INFO = INCLUDE_SOURCE;
				MTL_FAST_MATH = YES;
				ONLY_ACTIVE_ARCH = YES;
				SDKROOT = iphoneos;
				SWIFT_ACTIVE_COMPILATION_CONDITIONS = DEBUG;
				SWIFT_OPTIMIZATION_LEVEL = "-Onone";
			};
			name = Debug;
		};
		6D10E5D525AEC473009207B1 /* Release */ = {
			isa = XCBuildConfiguration;
			buildSettings = {
				ALWAYS_SEARCH_USER_PATHS = NO;
				CLANG_ANALYZER_NONNULL = YES;
				CLANG_ANALYZER_NUMBER_OBJECT_CONVERSION = YES_AGGRESSIVE;
				CLANG_CXX_LANGUAGE_STANDARD = "gnu++14";
				CLANG_CXX_LIBRARY = "libc++";
				CLANG_ENABLE_MODULES = YES;
				CLANG_ENABLE_OBJC_ARC = YES;
				CLANG_ENABLE_OBJC_WEAK = YES;
				CLANG_WARN_BLOCK_CAPTURE_AUTORELEASING = YES;
				CLANG_WARN_BOOL_CONVERSION = YES;
				CLANG_WARN_COMMA = YES;
				CLANG_WARN_CONSTANT_CONVERSION = YES;
				CLANG_WARN_DEPRECATED_OBJC_IMPLEMENTATIONS = YES;
				CLANG_WARN_DIRECT_OBJC_ISA_USAGE = YES_ERROR;
				CLANG_WARN_DOCUMENTATION_COMMENTS = YES;
				CLANG_WARN_EMPTY_BODY = YES;
				CLANG_WARN_ENUM_CONVERSION = YES;
				CLANG_WARN_INFINITE_RECURSION = YES;
				CLANG_WARN_INT_CONVERSION = YES;
				CLANG_WARN_NON_LITERAL_NULL_CONVERSION = YES;
				CLANG_WARN_OBJC_IMPLICIT_RETAIN_SELF = YES;
				CLANG_WARN_OBJC_LITERAL_CONVERSION = YES;
				CLANG_WARN_OBJC_ROOT_CLASS = YES_ERROR;
				CLANG_WARN_QUOTED_INCLUDE_IN_FRAMEWORK_HEADER = YES;
				CLANG_WARN_RANGE_LOOP_ANALYSIS = YES;
				CLANG_WARN_STRICT_PROTOTYPES = YES;
				CLANG_WARN_SUSPICIOUS_MOVE = YES;
				CLANG_WARN_UNGUARDED_AVAILABILITY = YES_AGGRESSIVE;
				CLANG_WARN_UNREACHABLE_CODE = YES;
				CLANG_WARN__DUPLICATE_METHOD_MATCH = YES;
				COPY_PHASE_STRIP = NO;
				DEBUG_INFORMATION_FORMAT = "dwarf-with-dsym";
				ENABLE_NS_ASSERTIONS = NO;
				ENABLE_STRICT_OBJC_MSGSEND = YES;
				GCC_C_LANGUAGE_STANDARD = gnu11;
				GCC_NO_COMMON_BLOCKS = YES;
				GCC_WARN_64_TO_32_BIT_CONVERSION = YES;
				GCC_WARN_ABOUT_RETURN_TYPE = YES_ERROR;
				GCC_WARN_UNDECLARED_SELECTOR = YES;
				GCC_WARN_UNINITIALIZED_AUTOS = YES_AGGRESSIVE;
				GCC_WARN_UNUSED_FUNCTION = YES;
				GCC_WARN_UNUSED_VARIABLE = YES;
				IPHONEOS_DEPLOYMENT_TARGET = 14.3;
				MTL_ENABLE_DEBUG_INFO = NO;
				MTL_FAST_MATH = YES;
				SDKROOT = iphoneos;
				SWIFT_COMPILATION_MODE = wholemodule;
				SWIFT_OPTIMIZATION_LEVEL = "-O";
				VALIDATE_PRODUCT = YES;
			};
			name = Release;
		};
		6D10E5D725AEC473009207B1 /* Debug */ = {
			isa = XCBuildConfiguration;
			baseConfigurationReference = 7C742BEC9F7BFDBEBC9DD4EC /* Pods-MyGameLib.debug.xcconfig */;
			buildSettings = {
				ASSETCATALOG_COMPILER_APPICON_NAME = AppIcon;
				ASSETCATALOG_COMPILER_GLOBAL_ACCENT_COLOR_NAME = AccentColor;
				CODE_SIGN_STYLE = Automatic;
				DEVELOPMENT_TEAM = QK22WHVDS9;
				INFOPLIST_FILE = MyGameLib/Info.plist;
				LD_RUNPATH_SEARCH_PATHS = (
					"$(inherited)",
					"@executable_path/Frameworks",
				);
				PRODUCT_BUNDLE_IDENTIFIER = com.MyGameLib.MyGameLib;
				PRODUCT_NAME = "$(TARGET_NAME)";
				SWIFT_VERSION = 5.0;
				TARGETED_DEVICE_FAMILY = "1,2";
			};
			name = Debug;
		};
		6D10E5D825AEC473009207B1 /* Release */ = {
			isa = XCBuildConfiguration;
			baseConfigurationReference = BCD4628A6DE4CBF8ADBA691A /* Pods-MyGameLib.release.xcconfig */;
			buildSettings = {
				ASSETCATALOG_COMPILER_APPICON_NAME = AppIcon;
				ASSETCATALOG_COMPILER_GLOBAL_ACCENT_COLOR_NAME = AccentColor;
				CODE_SIGN_STYLE = Automatic;
				DEVELOPMENT_TEAM = QK22WHVDS9;
				INFOPLIST_FILE = MyGameLib/Info.plist;
				LD_RUNPATH_SEARCH_PATHS = (
					"$(inherited)",
					"@executable_path/Frameworks",
				);
				PRODUCT_BUNDLE_IDENTIFIER = com.MyGameLib.MyGameLib;
				PRODUCT_NAME = "$(TARGET_NAME)";
				SWIFT_VERSION = 5.0;
				TARGETED_DEVICE_FAMILY = "1,2";
			};
			name = Release;
		};
/* End XCBuildConfiguration section */

/* Begin XCConfigurationList section */
		6D10E5BD25AEC470009207B1 /* Build configuration list for PBXProject "MyGameLib" */ = {
			isa = XCConfigurationList;
			buildConfigurations = (
				6D10E5D425AEC473009207B1 /* Debug */,
				6D10E5D525AEC473009207B1 /* Release */,
			);
			defaultConfigurationIsVisible = 0;
			defaultConfigurationName = Release;
		};
		6D10E5D625AEC473009207B1 /* Build configuration list for PBXNativeTarget "MyGameLib" */ = {
			isa = XCConfigurationList;
			buildConfigurations = (
				6D10E5D725AEC473009207B1 /* Debug */,
				6D10E5D825AEC473009207B1 /* Release */,
			);
			defaultConfigurationIsVisible = 0;
			defaultConfigurationName = Release;
		};
/* End XCConfigurationList section */
	};
	rootObject = 6D10E5BA25AEC470009207B1 /* Project object */;
}
